// !$*UTF8*$!
{
	archiveVersion = 1;
	classes = {
	};
	objectVersion = 50;
	objects = {

/* Begin PBXBuildFile section */
		F102F0AB25A10F0A004BD757 /* VideoPlayerView.swift in Sources */ = {isa = PBXBuildFile; fileRef = F102F0AA25A10F0A004BD757 /* VideoPlayerView.swift */; };
		F102F0AF25A11224004BD757 /* VideoPlayerHelper.swift in Sources */ = {isa = PBXBuildFile; fileRef = F102F0AE25A11224004BD757 /* VideoPlayerHelper.swift */; };
		F102F0B325A125CC004BD757 /* LocationModel.swift in Sources */ = {isa = PBXBuildFile; fileRef = F102F0B225A125CC004BD757 /* LocationModel.swift */; };
		F12C154E259E51A300A4BCDD /* VideoModel.swift in Sources */ = {isa = PBXBuildFile; fileRef = F12C154D259E51A300A4BCDD /* VideoModel.swift */; };
		F12C1551259E6D2100A4BCDD /* VideoListItemView.swift in Sources */ = {isa = PBXBuildFile; fileRef = F12C1550259E6D2100A4BCDD /* VideoListItemView.swift */; };
		F1440FB425A2446A00E377BC /* MapAnnotationView.swift in Sources */ = {isa = PBXBuildFile; fileRef = F1440FB325A2446A00E377BC /* MapAnnotationView.swift */; };
		F1440FB725A25BEA00E377BC /* MotionAnimationView.swift in Sources */ = {isa = PBXBuildFile; fileRef = F1440FB625A25BEA00E377BC /* MotionAnimationView.swift */; };
		F165E39325A642D4005CA0B8 /* AnimalGridItemView.swift in Sources */ = {isa = PBXBuildFile; fileRef = F165E39225A642D4005CA0B8 /* AnimalGridItemView.swift */; };
		F165E39A25A65589005CA0B8 /* Stickers.xcassets in Resources */ = {isa = PBXBuildFile; fileRef = F165E39925A65589005CA0B8 /* Stickers.xcassets */; };
		F165E39E25A65589005CA0B8 /* Stickers.appex in Embed App Extensions */ = {isa = PBXBuildFile; fileRef = F165E39725A65586005CA0B8 /* Stickers.appex */; settings = {ATTRIBUTES = (RemoveHeadersOnCopy, ); }; };
		F165E3A825A65DE1005CA0B8 /* CreditsView.swift in Sources */ = {isa = PBXBuildFile; fileRef = F165E3A725A65DE1005CA0B8 /* CreditsView.swift */; };
		F165E3AD25A66169005CA0B8 /* CenterModifier.swift in Sources */ = {isa = PBXBuildFile; fileRef = F165E3AC25A66169005CA0B8 /* CenterModifier.swift */; };
		F179EAA9259BDA7800546E16 /* InsetMapView.swift in Sources */ = {isa = PBXBuildFile; fileRef = F179EAA8259BDA7800546E16 /* InsetMapView.swift */; };
		F179EAAC259BE55C00546E16 /* ExternalWeblinkView.swift in Sources */ = {isa = PBXBuildFile; fileRef = F179EAAB259BE55C00546E16 /* ExternalWeblinkView.swift */; };
		F17C360D25964333005D94A0 /* AfricaApp.swift in Sources */ = {isa = PBXBuildFile; fileRef = F17C360C25964333005D94A0 /* AfricaApp.swift */; };
		F17C360F25964333005D94A0 /* ContentView.swift in Sources */ = {isa = PBXBuildFile; fileRef = F17C360E25964333005D94A0 /* ContentView.swift */; };
		F17C361125964333005D94A0 /* Assets.xcassets in Resources */ = {isa = PBXBuildFile; fileRef = F17C361025964333005D94A0 /* Assets.xcassets */; };
		F17C361425964333005D94A0 /* Preview Assets.xcassets in Resources */ = {isa = PBXBuildFile; fileRef = F17C361325964333005D94A0 /* Preview Assets.xcassets */; };
		F17C362725965C60005D94A0 /* lion.mp4 in Resources */ = {isa = PBXBuildFile; fileRef = F17C361D25965C5C005D94A0 /* lion.mp4 */; };
		F17C362825965C60005D94A0 /* ostrich.mp4 in Resources */ = {isa = PBXBuildFile; fileRef = F17C361E25965C5D005D94A0 /* ostrich.mp4 */; };
		F17C362925965C60005D94A0 /* zebra.mp4 in Resources */ = {isa = PBXBuildFile; fileRef = F17C361F25965C5D005D94A0 /* zebra.mp4 */; };
		F17C362A25965C60005D94A0 /* gorilla.mp4 in Resources */ = {isa = PBXBuildFile; fileRef = F17C362025965C5E005D94A0 /* gorilla.mp4 */; };
		F17C362B25965C60005D94A0 /* elephant.mp4 in Resources */ = {isa = PBXBuildFile; fileRef = F17C362125965C5E005D94A0 /* elephant.mp4 */; };
		F17C362C25965C60005D94A0 /* hippo.mp4 in Resources */ = {isa = PBXBuildFile; fileRef = F17C362225965C5E005D94A0 /* hippo.mp4 */; };
		F17C362D25965C60005D94A0 /* lioness.mp4 in Resources */ = {isa = PBXBuildFile; fileRef = F17C362325965C5F005D94A0 /* lioness.mp4 */; };
		F17C362E25965C60005D94A0 /* cheetah.mp4 in Resources */ = {isa = PBXBuildFile; fileRef = F17C362425965C5F005D94A0 /* cheetah.mp4 */; };
		F17C362F25965C60005D94A0 /* giraffe.mp4 in Resources */ = {isa = PBXBuildFile; fileRef = F17C362525965C5F005D94A0 /* giraffe.mp4 */; };
		F17C363025965C60005D94A0 /* rhino.mp4 in Resources */ = {isa = PBXBuildFile; fileRef = F17C362625965C60005D94A0 /* rhino.mp4 */; };
		F17C363725965CFB005D94A0 /* animals.json in Resources */ = {isa = PBXBuildFile; fileRef = F17C363325965CFB005D94A0 /* animals.json */; };
		F17C363825965CFB005D94A0 /* locations.json in Resources */ = {isa = PBXBuildFile; fileRef = F17C363425965CFB005D94A0 /* locations.json */; };
		F17C363925965CFB005D94A0 /* videos.json in Resources */ = {isa = PBXBuildFile; fileRef = F17C363525965CFB005D94A0 /* videos.json */; };
		F17C363A25965CFB005D94A0 /* covers.json in Resources */ = {isa = PBXBuildFile; fileRef = F17C363625965CFB005D94A0 /* covers.json */; };
		F17C363E25966173005D94A0 /* VideoListView.swift in Sources */ = {isa = PBXBuildFile; fileRef = F17C363D25966173005D94A0 /* VideoListView.swift */; };
		F17C3641259661AC005D94A0 /* MapView.swift in Sources */ = {isa = PBXBuildFile; fileRef = F17C3640259661AC005D94A0 /* MapView.swift */; };
		F17C3644259661CA005D94A0 /* GalleryView.swift in Sources */ = {isa = PBXBuildFile; fileRef = F17C3643259661CA005D94A0 /* GalleryView.swift */; };
		F17C3647259661E7005D94A0 /* MainView.swift in Sources */ = {isa = PBXBuildFile; fileRef = F17C3646259661E7005D94A0 /* MainView.swift */; };
		F17C364B25966E76005D94A0 /* CoverImageView.swift in Sources */ = {isa = PBXBuildFile; fileRef = F17C364A25966E76005D94A0 /* CoverImageView.swift */; };
		F17C3650259676AC005D94A0 /* CoverImageModel.swift in Sources */ = {isa = PBXBuildFile; fileRef = F17C364F259676AC005D94A0 /* CoverImageModel.swift */; };
		F17C365425968A24005D94A0 /* CodableBundleExtension.swift in Sources */ = {isa = PBXBuildFile; fileRef = F17C365325968A24005D94A0 /* CodableBundleExtension.swift */; };
		F1E81A09259B8C3F00E8653C /* AnimalListItemView.swift in Sources */ = {isa = PBXBuildFile; fileRef = F1E81A08259B8C3F00E8653C /* AnimalListItemView.swift */; };
		F1E81A0C259B90A900E8653C /* AnimalModel.swift in Sources */ = {isa = PBXBuildFile; fileRef = F1E81A0B259B90A900E8653C /* AnimalModel.swift */; };
		F1E81A0F259BBAC200E8653C /* AnimalDetailView.swift in Sources */ = {isa = PBXBuildFile; fileRef = F1E81A0E259BBAC200E8653C /* AnimalDetailView.swift */; };
		F1E81A12259BC3D100E8653C /* HeadingView.swift in Sources */ = {isa = PBXBuildFile; fileRef = F1E81A11259BC3D100E8653C /* HeadingView.swift */; };
		F1E81A15259BC6CA00E8653C /* InsetGalleryView.swift in Sources */ = {isa = PBXBuildFile; fileRef = F1E81A14259BC6CA00E8653C /* InsetGalleryView.swift */; };
		F1E81A18259BD12D00E8653C /* InsetFactView.swift in Sources */ = {isa = PBXBuildFile; fileRef = F1E81A17259BD12D00E8653C /* InsetFactView.swift */; };
/* End PBXBuildFile section */

/* Begin PBXContainerItemProxy section */
		F165E39C25A65589005CA0B8 /* PBXContainerItemProxy */ = {
			isa = PBXContainerItemProxy;
			containerPortal = F17C360125964332005D94A0 /* Project object */;
			proxyType = 1;
			remoteGlobalIDString = F165E39625A65586005CA0B8;
			remoteInfo = Stickers;
		};
/* End PBXContainerItemProxy section */

/* Begin PBXCopyFilesBuildPhase section */
		F165E3A225A65589005CA0B8 /* Embed App Extensions */ = {
			isa = PBXCopyFilesBuildPhase;
			buildActionMask = 2147483647;
			dstPath = "";
			dstSubfolderSpec = 13;
			files = (
				F165E39E25A65589005CA0B8 /* Stickers.appex in Embed App Extensions */,
			);
			name = "Embed App Extensions";
			runOnlyForDeploymentPostprocessing = 0;
		};
/* End PBXCopyFilesBuildPhase section */

/* Begin PBXFileReference section */
		F102F0AA25A10F0A004BD757 /* VideoPlayerView.swift */ = {isa = PBXFileReference; lastKnownFileType = sourcecode.swift; path = VideoPlayerView.swift; sourceTree = "<group>"; };
		F102F0AE25A11224004BD757 /* VideoPlayerHelper.swift */ = {isa = PBXFileReference; lastKnownFileType = sourcecode.swift; path = VideoPlayerHelper.swift; sourceTree = "<group>"; };
		F102F0B225A125CC004BD757 /* LocationModel.swift */ = {isa = PBXFileReference; lastKnownFileType = sourcecode.swift; path = LocationModel.swift; sourceTree = "<group>"; };
		F12C154D259E51A300A4BCDD /* VideoModel.swift */ = {isa = PBXFileReference; lastKnownFileType = sourcecode.swift; path = VideoModel.swift; sourceTree = "<group>"; };
		F12C1550259E6D2100A4BCDD /* VideoListItemView.swift */ = {isa = PBXFileReference; lastKnownFileType = sourcecode.swift; path = VideoListItemView.swift; sourceTree = "<group>"; };
		F1440FB325A2446A00E377BC /* MapAnnotationView.swift */ = {isa = PBXFileReference; lastKnownFileType = sourcecode.swift; path = MapAnnotationView.swift; sourceTree = "<group>"; };
		F1440FB625A25BEA00E377BC /* MotionAnimationView.swift */ = {isa = PBXFileReference; lastKnownFileType = sourcecode.swift; path = MotionAnimationView.swift; sourceTree = "<group>"; };
		F165E39225A642D4005CA0B8 /* AnimalGridItemView.swift */ = {isa = PBXFileReference; lastKnownFileType = sourcecode.swift; path = AnimalGridItemView.swift; sourceTree = "<group>"; };
		F165E39725A65586005CA0B8 /* Stickers.appex */ = {isa = PBXFileReference; explicitFileType = "wrapper.app-extension"; includeInIndex = 0; path = Stickers.appex; sourceTree = BUILT_PRODUCTS_DIR; };
		F165E39925A65589005CA0B8 /* Stickers.xcassets */ = {isa = PBXFileReference; lastKnownFileType = folder.assetcatalog; path = Stickers.xcassets; sourceTree = "<group>"; };
		F165E39B25A65589005CA0B8 /* Info.plist */ = {isa = PBXFileReference; lastKnownFileType = text.plist.xml; path = Info.plist; sourceTree = "<group>"; };
		F165E3A725A65DE1005CA0B8 /* CreditsView.swift */ = {isa = PBXFileReference; lastKnownFileType = sourcecode.swift; path = CreditsView.swift; sourceTree = "<group>"; };
		F165E3AC25A66169005CA0B8 /* CenterModifier.swift */ = {isa = PBXFileReference; lastKnownFileType = sourcecode.swift; path = CenterModifier.swift; sourceTree = "<group>"; };
		F179EAA8259BDA7800546E16 /* InsetMapView.swift */ = {isa = PBXFileReference; lastKnownFileType = sourcecode.swift; path = InsetMapView.swift; sourceTree = "<group>"; };
		F179EAAB259BE55C00546E16 /* ExternalWeblinkView.swift */ = {isa = PBXFileReference; lastKnownFileType = sourcecode.swift; path = ExternalWeblinkView.swift; sourceTree = "<group>"; };
		F17C360925964333005D94A0 /* Africa.app */ = {isa = PBXFileReference; explicitFileType = wrapper.application; includeInIndex = 0; path = Africa.app; sourceTree = BUILT_PRODUCTS_DIR; };
		F17C360C25964333005D94A0 /* AfricaApp.swift */ = {isa = PBXFileReference; lastKnownFileType = sourcecode.swift; path = AfricaApp.swift; sourceTree = "<group>"; };
		F17C360E25964333005D94A0 /* ContentView.swift */ = {isa = PBXFileReference; lastKnownFileType = sourcecode.swift; path = ContentView.swift; sourceTree = "<group>"; };
		F17C361025964333005D94A0 /* Assets.xcassets */ = {isa = PBXFileReference; lastKnownFileType = folder.assetcatalog; path = Assets.xcassets; sourceTree = "<group>"; };
		F17C361325964333005D94A0 /* Preview Assets.xcassets */ = {isa = PBXFileReference; lastKnownFileType = folder.assetcatalog; path = "Preview Assets.xcassets"; sourceTree = "<group>"; };
		F17C361525964333005D94A0 /* Info.plist */ = {isa = PBXFileReference; lastKnownFileType = text.plist.xml; path = Info.plist; sourceTree = "<group>"; };
		F17C361D25965C5C005D94A0 /* lion.mp4 */ = {isa = PBXFileReference; lastKnownFileType = file; path = lion.mp4; sourceTree = "<group>"; };
		F17C361E25965C5D005D94A0 /* ostrich.mp4 */ = {isa = PBXFileReference; lastKnownFileType = file; path = ostrich.mp4; sourceTree = "<group>"; };
		F17C361F25965C5D005D94A0 /* zebra.mp4 */ = {isa = PBXFileReference; lastKnownFileType = file; path = zebra.mp4; sourceTree = "<group>"; };
		F17C362025965C5E005D94A0 /* gorilla.mp4 */ = {isa = PBXFileReference; lastKnownFileType = file; path = gorilla.mp4; sourceTree = "<group>"; };
		F17C362125965C5E005D94A0 /* elephant.mp4 */ = {isa = PBXFileReference; lastKnownFileType = file; path = elephant.mp4; sourceTree = "<group>"; };
		F17C362225965C5E005D94A0 /* hippo.mp4 */ = {isa = PBXFileReference; lastKnownFileType = file; path = hippo.mp4; sourceTree = "<group>"; };
		F17C362325965C5F005D94A0 /* lioness.mp4 */ = {isa = PBXFileReference; lastKnownFileType = file; path = lioness.mp4; sourceTree = "<group>"; };
		F17C362425965C5F005D94A0 /* cheetah.mp4 */ = {isa = PBXFileReference; lastKnownFileType = file; path = cheetah.mp4; sourceTree = "<group>"; };
		F17C362525965C5F005D94A0 /* giraffe.mp4 */ = {isa = PBXFileReference; lastKnownFileType = file; path = giraffe.mp4; sourceTree = "<group>"; };
		F17C362625965C60005D94A0 /* rhino.mp4 */ = {isa = PBXFileReference; lastKnownFileType = file; path = rhino.mp4; sourceTree = "<group>"; };
		F17C363325965CFB005D94A0 /* animals.json */ = {isa = PBXFileReference; fileEncoding = 4; lastKnownFileType = text.json; path = animals.json; sourceTree = "<group>"; };
		F17C363425965CFB005D94A0 /* locations.json */ = {isa = PBXFileReference; fileEncoding = 4; lastKnownFileType = text.json; path = locations.json; sourceTree = "<group>"; };
		F17C363525965CFB005D94A0 /* videos.json */ = {isa = PBXFileReference; fileEncoding = 4; lastKnownFileType = text.json; path = videos.json; sourceTree = "<group>"; };
		F17C363625965CFB005D94A0 /* covers.json */ = {isa = PBXFileReference; fileEncoding = 4; lastKnownFileType = text.json; path = covers.json; sourceTree = "<group>"; };
		F17C363D25966173005D94A0 /* VideoListView.swift */ = {isa = PBXFileReference; lastKnownFileType = sourcecode.swift; path = VideoListView.swift; sourceTree = "<group>"; };
		F17C3640259661AC005D94A0 /* MapView.swift */ = {isa = PBXFileReference; lastKnownFileType = sourcecode.swift; path = MapView.swift; sourceTree = "<group>"; };
		F17C3643259661CA005D94A0 /* GalleryView.swift */ = {isa = PBXFileReference; lastKnownFileType = sourcecode.swift; path = GalleryView.swift; sourceTree = "<group>"; };
		F17C3646259661E7005D94A0 /* MainView.swift */ = {isa = PBXFileReference; lastKnownFileType = sourcecode.swift; path = MainView.swift; sourceTree = "<group>"; };
		F17C364A25966E76005D94A0 /* CoverImageView.swift */ = {isa = PBXFileReference; lastKnownFileType = sourcecode.swift; path = CoverImageView.swift; sourceTree = "<group>"; };
		F17C364F259676AC005D94A0 /* CoverImageModel.swift */ = {isa = PBXFileReference; lastKnownFileType = sourcecode.swift; path = CoverImageModel.swift; sourceTree = "<group>"; };
		F17C365325968A24005D94A0 /* CodableBundleExtension.swift */ = {isa = PBXFileReference; lastKnownFileType = sourcecode.swift; path = CodableBundleExtension.swift; sourceTree = "<group>"; };
		F1E81A08259B8C3F00E8653C /* AnimalListItemView.swift */ = {isa = PBXFileReference; lastKnownFileType = sourcecode.swift; path = AnimalListItemView.swift; sourceTree = "<group>"; };
		F1E81A0B259B90A900E8653C /* AnimalModel.swift */ = {isa = PBXFileReference; lastKnownFileType = sourcecode.swift; path = AnimalModel.swift; sourceTree = "<group>"; };
		F1E81A0E259BBAC200E8653C /* AnimalDetailView.swift */ = {isa = PBXFileReference; lastKnownFileType = sourcecode.swift; path = AnimalDetailView.swift; sourceTree = "<group>"; };
		F1E81A11259BC3D100E8653C /* HeadingView.swift */ = {isa = PBXFileReference; lastKnownFileType = sourcecode.swift; path = HeadingView.swift; sourceTree = "<group>"; };
		F1E81A14259BC6CA00E8653C /* InsetGalleryView.swift */ = {isa = PBXFileReference; lastKnownFileType = sourcecode.swift; path = InsetGalleryView.swift; sourceTree = "<group>"; };
		F1E81A17259BD12D00E8653C /* InsetFactView.swift */ = {isa = PBXFileReference; lastKnownFileType = sourcecode.swift; path = InsetFactView.swift; sourceTree = "<group>"; };
/* End PBXFileReference section */

/* Begin PBXFrameworksBuildPhase section */
		F17C360625964333005D94A0 /* Frameworks */ = {
			isa = PBXFrameworksBuildPhase;
			buildActionMask = 2147483647;
			files = (
			);
			runOnlyForDeploymentPostprocessing = 0;
		};
/* End PBXFrameworksBuildPhase section */

/* Begin PBXGroup section */
		F102F0AD25A111F2004BD757 /* Helper */ = {
			isa = PBXGroup;
			children = (
				F102F0AE25A11224004BD757 /* VideoPlayerHelper.swift */,
			);
			path = Helper;
			sourceTree = "<group>";
		};
		F165E39825A65586005CA0B8 /* Stickers */ = {
			isa = PBXGroup;
			children = (
				F165E39925A65589005CA0B8 /* Stickers.xcassets */,
				F165E39B25A65589005CA0B8 /* Info.plist */,
			);
			path = Stickers;
			sourceTree = "<group>";
		};
		F165E3AB25A660EF005CA0B8 /* Modifier */ = {
			isa = PBXGroup;
			children = (
				F165E3AC25A66169005CA0B8 /* CenterModifier.swift */,
			);
			path = Modifier;
			sourceTree = "<group>";
		};
		F17C360025964332005D94A0 = {
			isa = PBXGroup;
			children = (
				F17C360B25964333005D94A0 /* Africa */,
				F165E39825A65586005CA0B8 /* Stickers */,
				F17C360A25964333005D94A0 /* Products */,
			);
			sourceTree = "<group>";
		};
		F17C360A25964333005D94A0 /* Products */ = {
			isa = PBXGroup;
			children = (
				F17C360925964333005D94A0 /* Africa.app */,
				F165E39725A65586005CA0B8 /* Stickers.appex */,
			);
			name = Products;
			sourceTree = "<group>";
		};
		F17C360B25964333005D94A0 /* Africa */ = {
			isa = PBXGroup;
			children = (
				F165E3AB25A660EF005CA0B8 /* Modifier */,
				F102F0AD25A111F2004BD757 /* Helper */,
				F17C365225968788005D94A0 /* Extension */,
				F17C363C259660FC005D94A0 /* App */,
				F17C364925966E48005D94A0 /* View */,
				F17C364E25967680005D94A0 /* Model */,
				F17C363225965CD5005D94A0 /* Data */,
				F17C361C25965C2F005D94A0 /* Video */,
				F17C361025964333005D94A0 /* Assets.xcassets */,
				F17C361525964333005D94A0 /* Info.plist */,
				F17C361225964333005D94A0 /* Preview Content */,
			);
			path = Africa;
			sourceTree = "<group>";
		};
		F17C361225964333005D94A0 /* Preview Content */ = {
			isa = PBXGroup;
			children = (
				F17C361325964333005D94A0 /* Preview Assets.xcassets */,
			);
			path = "Preview Content";
			sourceTree = "<group>";
		};
		F17C361C25965C2F005D94A0 /* Video */ = {
			isa = PBXGroup;
			children = (
				F17C362425965C5F005D94A0 /* cheetah.mp4 */,
				F17C362125965C5E005D94A0 /* elephant.mp4 */,
				F17C362525965C5F005D94A0 /* giraffe.mp4 */,
				F17C362025965C5E005D94A0 /* gorilla.mp4 */,
				F17C362225965C5E005D94A0 /* hippo.mp4 */,
				F17C361D25965C5C005D94A0 /* lion.mp4 */,
				F17C362325965C5F005D94A0 /* lioness.mp4 */,
				F17C361E25965C5D005D94A0 /* ostrich.mp4 */,
				F17C362625965C60005D94A0 /* rhino.mp4 */,
				F17C361F25965C5D005D94A0 /* zebra.mp4 */,
			);
			path = Video;
			sourceTree = "<group>";
		};
		F17C363225965CD5005D94A0 /* Data */ = {
			isa = PBXGroup;
			children = (
				F17C363325965CFB005D94A0 /* animals.json */,
				F17C363625965CFB005D94A0 /* covers.json */,
				F17C363425965CFB005D94A0 /* locations.json */,
				F17C363525965CFB005D94A0 /* videos.json */,
			);
			path = Data;
			sourceTree = "<group>";
		};
		F17C363C259660FC005D94A0 /* App */ = {
			isa = PBXGroup;
			children = (
				F17C360C25964333005D94A0 /* AfricaApp.swift */,
				F17C360E25964333005D94A0 /* ContentView.swift */,
				F17C363D25966173005D94A0 /* VideoListView.swift */,
				F17C3640259661AC005D94A0 /* MapView.swift */,
				F17C3643259661CA005D94A0 /* GalleryView.swift */,
				F17C3646259661E7005D94A0 /* MainView.swift */,
			);
			path = App;
			sourceTree = "<group>";
		};
		F17C364925966E48005D94A0 /* View */ = {
			isa = PBXGroup;
			children = (
				F17C364A25966E76005D94A0 /* CoverImageView.swift */,
				F1E81A08259B8C3F00E8653C /* AnimalListItemView.swift */,
				F1E81A0E259BBAC200E8653C /* AnimalDetailView.swift */,
				F1E81A11259BC3D100E8653C /* HeadingView.swift */,
				F1E81A14259BC6CA00E8653C /* InsetGalleryView.swift */,
				F1E81A17259BD12D00E8653C /* InsetFactView.swift */,
				F179EAA8259BDA7800546E16 /* InsetMapView.swift */,
				F179EAAB259BE55C00546E16 /* ExternalWeblinkView.swift */,
				F12C1550259E6D2100A4BCDD /* VideoListItemView.swift */,
				F102F0AA25A10F0A004BD757 /* VideoPlayerView.swift */,
				F1440FB325A2446A00E377BC /* MapAnnotationView.swift */,
				F1440FB625A25BEA00E377BC /* MotionAnimationView.swift */,
				F165E39225A642D4005CA0B8 /* AnimalGridItemView.swift */,
				F165E3A725A65DE1005CA0B8 /* CreditsView.swift */,
			);
			path = View;
			sourceTree = "<group>";
		};
		F17C364E25967680005D94A0 /* Model */ = {
			isa = PBXGroup;
			children = (
				F17C364F259676AC005D94A0 /* CoverImageModel.swift */,
				F1E81A0B259B90A900E8653C /* AnimalModel.swift */,
				F12C154D259E51A300A4BCDD /* VideoModel.swift */,
				F102F0B225A125CC004BD757 /* LocationModel.swift */,
			);
			path = Model;
			sourceTree = "<group>";
		};
		F17C365225968788005D94A0 /* Extension */ = {
			isa = PBXGroup;
			children = (
				F17C365325968A24005D94A0 /* CodableBundleExtension.swift */,
			);
			path = Extension;
			sourceTree = "<group>";
		};
/* End PBXGroup section */

/* Begin PBXNativeTarget section */
		F165E39625A65586005CA0B8 /* Stickers */ = {
			isa = PBXNativeTarget;
			buildConfigurationList = F165E39F25A65589005CA0B8 /* Build configuration list for PBXNativeTarget "Stickers" */;
			buildPhases = (
				F165E39525A65586005CA0B8 /* Resources */,
			);
			buildRules = (
			);
			dependencies = (
			);
			name = Stickers;
			productName = Stickers;
			productReference = F165E39725A65586005CA0B8 /* Stickers.appex */;
			productType = "com.apple.product-type.app-extension.messages-sticker-pack";
		};
		F17C360825964333005D94A0 /* Africa */ = {
			isa = PBXNativeTarget;
			buildConfigurationList = F17C361825964333005D94A0 /* Build configuration list for PBXNativeTarget "Africa" */;
			buildPhases = (
				F17C360525964333005D94A0 /* Sources */,
				F17C360625964333005D94A0 /* Frameworks */,
				F17C360725964333005D94A0 /* Resources */,
				F165E3A225A65589005CA0B8 /* Embed App Extensions */,
			);
			buildRules = (
			);
			dependencies = (
				F165E39D25A65589005CA0B8 /* PBXTargetDependency */,
			);
			name = Africa;
			productName = Africa;
			productReference = F17C360925964333005D94A0 /* Africa.app */;
			productType = "com.apple.product-type.application";
		};
/* End PBXNativeTarget section */

/* Begin PBXProject section */
		F17C360125964332005D94A0 /* Project object */ = {
			isa = PBXProject;
			attributes = {
				LastSwiftUpdateCheck = 1230;
				LastUpgradeCheck = 1230;
				TargetAttributes = {
					F165E39625A65586005CA0B8 = {
						CreatedOnToolsVersion = 12.3;
					};
					F17C360825964333005D94A0 = {
						CreatedOnToolsVersion = 12.3;
					};
				};
			};
			buildConfigurationList = F17C360425964332005D94A0 /* Build configuration list for PBXProject "Africa" */;
			compatibilityVersion = "Xcode 9.3";
			developmentRegion = en;
			hasScannedForEncodings = 0;
			knownRegions = (
				en,
				Base,
			);
			mainGroup = F17C360025964332005D94A0;
			productRefGroup = F17C360A25964333005D94A0 /* Products */;
			projectDirPath = "";
			projectRoot = "";
			targets = (
				F17C360825964333005D94A0 /* Africa */,
				F165E39625A65586005CA0B8 /* Stickers */,
			);
		};
/* End PBXProject section */

/* Begin PBXResourcesBuildPhase section */
		F165E39525A65586005CA0B8 /* Resources */ = {
			isa = PBXResourcesBuildPhase;
			buildActionMask = 2147483647;
			files = (
				F165E39A25A65589005CA0B8 /* Stickers.xcassets in Resources */,
			);
			runOnlyForDeploymentPostprocessing = 0;
		};
		F17C360725964333005D94A0 /* Resources */ = {
			isa = PBXResourcesBuildPhase;
			buildActionMask = 2147483647;
			files = (
				F17C363825965CFB005D94A0 /* locations.json in Resources */,
				F17C363025965C60005D94A0 /* rhino.mp4 in Resources */,
				F17C363925965CFB005D94A0 /* videos.json in Resources */,
				F17C362C25965C60005D94A0 /* hippo.mp4 in Resources */,
				F17C361425964333005D94A0 /* Preview Assets.xcassets in Resources */,
				F17C363A25965CFB005D94A0 /* covers.json in Resources */,
				F17C362D25965C60005D94A0 /* lioness.mp4 in Resources */,
				F17C362925965C60005D94A0 /* zebra.mp4 in Resources */,
				F17C362725965C60005D94A0 /* lion.mp4 in Resources */,
				F17C362825965C60005D94A0 /* ostrich.mp4 in Resources */,
				F17C363725965CFB005D94A0 /* animals.json in Resources */,
				F17C362F25965C60005D94A0 /* giraffe.mp4 in Resources */,
				F17C362E25965C60005D94A0 /* cheetah.mp4 in Resources */,
				F17C362B25965C60005D94A0 /* elephant.mp4 in Resources */,
				F17C362A25965C60005D94A0 /* gorilla.mp4 in Resources */,
				F17C361125964333005D94A0 /* Assets.xcassets in Resources */,
			);
			runOnlyForDeploymentPostprocessing = 0;
		};
/* End PBXResourcesBuildPhase section */

/* Begin PBXSourcesBuildPhase section */
		F17C360525964333005D94A0 /* Sources */ = {
			isa = PBXSourcesBuildPhase;
			buildActionMask = 2147483647;
			files = (
				F179EAAC259BE55C00546E16 /* ExternalWeblinkView.swift in Sources */,
				F17C360F25964333005D94A0 /* ContentView.swift in Sources */,
				F1E81A09259B8C3F00E8653C /* AnimalListItemView.swift in Sources */,
				F17C3647259661E7005D94A0 /* MainView.swift in Sources */,
				F1E81A18259BD12D00E8653C /* InsetFactView.swift in Sources */,
				F17C364B25966E76005D94A0 /* CoverImageView.swift in Sources */,
				F17C3650259676AC005D94A0 /* CoverImageModel.swift in Sources */,
				F1E81A0F259BBAC200E8653C /* AnimalDetailView.swift in Sources */,
				F1E81A0C259B90A900E8653C /* AnimalModel.swift in Sources */,
				F17C3641259661AC005D94A0 /* MapView.swift in Sources */,
				F102F0AF25A11224004BD757 /* VideoPlayerHelper.swift in Sources */,
				F179EAA9259BDA7800546E16 /* InsetMapView.swift in Sources */,
				F17C360D25964333005D94A0 /* AfricaApp.swift in Sources */,
				F1440FB425A2446A00E377BC /* MapAnnotationView.swift in Sources */,
				F17C363E25966173005D94A0 /* VideoListView.swift in Sources */,
				F12C154E259E51A300A4BCDD /* VideoModel.swift in Sources */,
				F17C3644259661CA005D94A0 /* GalleryView.swift in Sources */,
				F102F0B325A125CC004BD757 /* LocationModel.swift in Sources */,
				F165E39325A642D4005CA0B8 /* AnimalGridItemView.swift in Sources */,
				F1E81A15259BC6CA00E8653C /* InsetGalleryView.swift in Sources */,
				F12C1551259E6D2100A4BCDD /* VideoListItemView.swift in Sources */,
				F165E3A825A65DE1005CA0B8 /* CreditsView.swift in Sources */,
				F17C365425968A24005D94A0 /* CodableBundleExtension.swift in Sources */,
				F1440FB725A25BEA00E377BC /* MotionAnimationView.swift in Sources */,
				F165E3AD25A66169005CA0B8 /* CenterModifier.swift in Sources */,
				F1E81A12259BC3D100E8653C /* HeadingView.swift in Sources */,
				F102F0AB25A10F0A004BD757 /* VideoPlayerView.swift in Sources */,
			);
			runOnlyForDeploymentPostprocessing = 0;
		};
/* End PBXSourcesBuildPhase section */

/* Begin PBXTargetDependency section */
		F165E39D25A65589005CA0B8 /* PBXTargetDependency */ = {
			isa = PBXTargetDependency;
			target = F165E39625A65586005CA0B8 /* Stickers */;
			targetProxy = F165E39C25A65589005CA0B8 /* PBXContainerItemProxy */;
		};
/* End PBXTargetDependency section */

/* Begin XCBuildConfiguration section */
		F165E3A025A65589005CA0B8 /* Debug */ = {
			isa = XCBuildConfiguration;
			buildSettings = {
				ASSETCATALOG_COMPILER_APPICON_NAME = "iMessage App Icon";
				CODE_SIGN_STYLE = Automatic;
				DEVELOPMENT_TEAM = RB6XL782P8;
				INFOPLIST_FILE = Stickers/Info.plist;
				IPHONEOS_DEPLOYMENT_TARGET = 10.0;
				PRODUCT_BUNDLE_IDENTIFIER = com.sameliuk.Africa.Stickers;
				PRODUCT_NAME = "$(TARGET_NAME)";
				SKIP_INSTALL = YES;
				TARGETED_DEVICE_FAMILY = "1,2";
			};
			name = Debug;
		};
		F165E3A125A65589005CA0B8 /* Release */ = {
			isa = XCBuildConfiguration;
			buildSettings = {
				ASSETCATALOG_COMPILER_APPICON_NAME = "iMessage App Icon";
				CODE_SIGN_STYLE = Automatic;
				DEVELOPMENT_TEAM = RB6XL782P8;
				INFOPLIST_FILE = Stickers/Info.plist;
				IPHONEOS_DEPLOYMENT_TARGET = 10.0;
				PRODUCT_BUNDLE_IDENTIFIER = com.sameliuk.Africa.Stickers;
				PRODUCT_NAME = "$(TARGET_NAME)";
				SKIP_INSTALL = YES;
				TARGETED_DEVICE_FAMILY = "1,2";
			};
			name = Release;
		};
		F17C361625964333005D94A0 /* Debug */ = {
			isa = XCBuildConfiguration;
			buildSettings = {
				ALWAYS_SEARCH_USER_PATHS = NO;
				CLANG_ANALYZER_NONNULL = YES;
				CLANG_ANALYZER_NUMBER_OBJECT_CONVERSION = YES_AGGRESSIVE;
				CLANG_CXX_LANGUAGE_STANDARD = "gnu++14";
				CLANG_CXX_LIBRARY = "libc++";
				CLANG_ENABLE_MODULES = YES;
				CLANG_ENABLE_OBJC_ARC = YES;
				CLANG_ENABLE_OBJC_WEAK = YES;
				CLANG_WARN_BLOCK_CAPTURE_AUTORELEASING = YES;
				CLANG_WARN_BOOL_CONVERSION = YES;
				CLANG_WARN_COMMA = YES;
				CLANG_WARN_CONSTANT_CONVERSION = YES;
				CLANG_WARN_DEPRECATED_OBJC_IMPLEMENTATIONS = YES;
				CLANG_WARN_DIRECT_OBJC_ISA_USAGE = YES_ERROR;
				CLANG_WARN_DOCUMENTATION_COMMENTS = YES;
				CLANG_WARN_EMPTY_BODY = YES;
				CLANG_WARN_ENUM_CONVERSION = YES;
				CLANG_WARN_INFINITE_RECURSION = YES;
				CLANG_WARN_INT_CONVERSION = YES;
				CLANG_WARN_NON_LITERAL_NULL_CONVERSION = YES;
				CLANG_WARN_OBJC_IMPLICIT_RETAIN_SELF = YES;
				CLANG_WARN_OBJC_LITERAL_CONVERSION = YES;
				CLANG_WARN_OBJC_ROOT_CLASS = YES_ERROR;
				CLANG_WARN_QUOTED_INCLUDE_IN_FRAMEWORK_HEADER = YES;
				CLANG_WARN_RANGE_LOOP_ANALYSIS = YES;
				CLANG_WARN_STRICT_PROTOTYPES = YES;
				CLANG_WARN_SUSPICIOUS_MOVE = YES;
				CLANG_WARN_UNGUARDED_AVAILABILITY = YES_AGGRESSIVE;
				CLANG_WARN_UNREACHABLE_CODE = YES;
				CLANG_WARN__DUPLICATE_METHOD_MATCH = YES;
				COPY_PHASE_STRIP = NO;
				DEBUG_INFORMATION_FORMAT = dwarf;
				ENABLE_STRICT_OBJC_MSGSEND = YES;
				ENABLE_TESTABILITY = YES;
				GCC_C_LANGUAGE_STANDARD = gnu11;
				GCC_DYNAMIC_NO_PIC = NO;
				GCC_NO_COMMON_BLOCKS = YES;
				GCC_OPTIMIZATION_LEVEL = 0;
				GCC_PREPROCESSOR_DEFINITIONS = (
					"DEBUG=1",
					"$(inherited)",
				);
				GCC_WARN_64_TO_32_BIT_CONVERSION = YES;
				GCC_WARN_ABOUT_RETURN_TYPE = YES_ERROR;
				GCC_WARN_UNDECLARED_SELECTOR = YES;
				GCC_WARN_UNINITIALIZED_AUTOS = YES_AGGRESSIVE;
				GCC_WARN_UNUSED_FUNCTION = YES;
				GCC_WARN_UNUSED_VARIABLE = YES;
				IPHONEOS_DEPLOYMENT_TARGET = 14.3;
				MTL_ENABLE_DEBUG_INFO = INCLUDE_SOURCE;
				MTL_FAST_MATH = YES;
				ONLY_ACTIVE_ARCH = YES;
				SDKROOT = iphoneos;
				SWIFT_ACTIVE_COMPILATION_CONDITIONS = DEBUG;
				SWIFT_OPTIMIZATION_LEVEL = "-Onone";
			};
			name = Debug;
		};
		F17C361725964333005D94A0 /* Release */ = {
			isa = XCBuildConfiguration;
			buildSettings = {
				ALWAYS_SEARCH_USER_PATHS = NO;
				CLANG_ANALYZER_NONNULL = YES;
				CLANG_ANALYZER_NUMBER_OBJECT_CONVERSION = YES_AGGRESSIVE;
				CLANG_CXX_LANGUAGE_STANDARD = "gnu++14";
				CLANG_CXX_LIBRARY = "libc++";
				CLANG_ENABLE_MODULES = YES;
				CLANG_ENABLE_OBJC_ARC = YES;
				CLANG_ENABLE_OBJC_WEAK = YES;
				CLANG_WARN_BLOCK_CAPTURE_AUTORELEASING = YES;
				CLANG_WARN_BOOL_CONVERSION = YES;
				CLANG_WARN_COMMA = YES;
				CLANG_WARN_CONSTANT_CONVERSION = YES;
				CLANG_WARN_DEPRECATED_OBJC_IMPLEMENTATIONS = YES;
				CLANG_WARN_DIRECT_OBJC_ISA_USAGE = YES_ERROR;
				CLANG_WARN_DOCUMENTATION_COMMENTS = YES;
				CLANG_WARN_EMPTY_BODY = YES;
				CLANG_WARN_ENUM_CONVERSION = YES;
				CLANG_WARN_INFINITE_RECURSION = YES;
				CLANG_WARN_INT_CONVERSION = YES;
				CLANG_WARN_NON_LITERAL_NULL_CONVERSION = YES;
				CLANG_WARN_OBJC_IMPLICIT_RETAIN_SELF = YES;
				CLANG_WARN_OBJC_LITERAL_CONVERSION = YES;
				CLANG_WARN_OBJC_ROOT_CLASS = YES_ERROR;
				CLANG_WARN_QUOTED_INCLUDE_IN_FRAMEWORK_HEADER = YES;
				CLANG_WARN_RANGE_LOOP_ANALYSIS = YES;
				CLANG_WARN_STRICT_PROTOTYPES = YES;
				CLANG_WARN_SUSPICIOUS_MOVE = YES;
				CLANG_WARN_UNGUARDED_AVAILABILITY = YES_AGGRESSIVE;
				CLANG_WARN_UNREACHABLE_CODE = YES;
				CLANG_WARN__DUPLICATE_METHOD_MATCH = YES;
				COPY_PHASE_STRIP = NO;
				DEBUG_INFORMATION_FORMAT = "dwarf-with-dsym";
				ENABLE_NS_ASSERTIONS = NO;
				ENABLE_STRICT_OBJC_MSGSEND = YES;
				GCC_C_LANGUAGE_STANDARD = gnu11;
				GCC_NO_COMMON_BLOCKS = YES;
				GCC_WARN_64_TO_32_BIT_CONVERSION = YES;
				GCC_WARN_ABOUT_RETURN_TYPE = YES_ERROR;
				GCC_WARN_UNDECLARED_SELECTOR = YES;
				GCC_WARN_UNINITIALIZED_AUTOS = YES_AGGRESSIVE;
				GCC_WARN_UNUSED_FUNCTION = YES;
				GCC_WARN_UNUSED_VARIABLE = YES;
				IPHONEOS_DEPLOYMENT_TARGET = 14.3;
				MTL_ENABLE_DEBUG_INFO = NO;
				MTL_FAST_MATH = YES;
				SDKROOT = iphoneos;
				SWIFT_COMPILATION_MODE = wholemodule;
				SWIFT_OPTIMIZATION_LEVEL = "-O";
				VALIDATE_PRODUCT = YES;
			};
			name = Release;
		};
		F17C361925964333005D94A0 /* Debug */ = {
			isa = XCBuildConfiguration;
			buildSettings = {
				ASSETCATALOG_COMPILER_APPICON_NAME = AppIcon;
				ASSETCATALOG_COMPILER_GLOBAL_ACCENT_COLOR_NAME = AccentColor;
				CODE_SIGN_STYLE = Automatic;
				DEVELOPMENT_ASSET_PATHS = "\"Africa/Preview Content\"";
				DEVELOPMENT_TEAM = RB6XL782P8;
				ENABLE_PREVIEWS = YES;
				INFOPLIST_FILE = Africa/Info.plist;
				IPHONEOS_DEPLOYMENT_TARGET = 14.0;
				LD_RUNPATH_SEARCH_PATHS = (
					"$(inherited)",
					"@executable_path/Frameworks",
				);
				PRODUCT_BUNDLE_IDENTIFIER = com.sameliuk.Africa;
				PRODUCT_NAME = "$(TARGET_NAME)";
				SWIFT_VERSION = 5.0;
				TARGETED_DEVICE_FAMILY = "1,2";
			};
			name = Debug;
		};
		F17C361A25964333005D94A0 /* Release */ = {
			isa = XCBuildConfiguration;
			buildSettings = {
				ASSETCATALOG_COMPILER_APPICON_NAME = AppIcon;
				ASSETCATALOG_COMPILER_GLOBAL_ACCENT_COLOR_NAME = AccentColor;
				CODE_SIGN_STYLE = Automatic;
				DEVELOPMENT_ASSET_PATHS = "\"Africa/Preview Content\"";
				DEVELOPMENT_TEAM = RB6XL782P8;
				ENABLE_PREVIEWS = YES;
				INFOPLIST_FILE = Africa/Info.plist;
				IPHONEOS_DEPLOYMENT_TARGET = 14.0;
				LD_RUNPATH_SEARCH_PATHS = (
					"$(inherited)",
					"@executable_path/Frameworks",
				);
				PRODUCT_BUNDLE_IDENTIFIER = com.sameliuk.Africa;
				PRODUCT_NAME = "$(TARGET_NAME)";
				SWIFT_VERSION = 5.0;
				TARGETED_DEVICE_FAMILY = "1,2";
			};
			name = Release;
		};
/* End XCBuildConfiguration section */

/* Begin XCConfigurationList section */
		F165E39F25A65589005CA0B8 /* Build configuration list for PBXNativeTarget "Stickers" */ = {
			isa = XCConfigurationList;
			buildConfigurations = (
				F165E3A025A65589005CA0B8 /* Debug */,
				F165E3A125A65589005CA0B8 /* Release */,
			);
			defaultConfigurationIsVisible = 0;
			defaultConfigurationName = Release;
		};
		F17C360425964332005D94A0 /* Build configuration list for PBXProject "Africa" */ = {
			isa = XCConfigurationList;
			buildConfigurations = (
				F17C361625964333005D94A0 /* Debug */,
				F17C361725964333005D94A0 /* Release */,
			);
			defaultConfigurationIsVisible = 0;
			defaultConfigurationName = Release;
		};
		F17C361825964333005D94A0 /* Build configuration list for PBXNativeTarget "Africa" */ = {
			isa = XCConfigurationList;
			buildConfigurations = (
				F17C361925964333005D94A0 /* Debug */,
				F17C361A25964333005D94A0 /* Release */,
			);
			defaultConfigurationIsVisible = 0;
			defaultConfigurationName = Release;
		};
/* End XCConfigurationList section */
	};
	rootObject = F17C360125964332005D94A0 /* Project object */;
}
